// !$*UTF8*$!
{
	archiveVersion = 1;
	classes = {
	};
	objectVersion = 46;
	objects = {

/* Begin PBXAggregateTarget section */
		BBD1D6F61CA163A50084AA03 /* UniversalLib */ = {
			isa = PBXAggregateTarget;
			buildConfigurationList = BBD1D6F91CA163A60084AA03 /* Build configuration list for PBXAggregateTarget "UniversalLib" */;
			buildPhases = (
				BBD1D6FA1CA163B70084AA03 /* ShellScript */,
			);
			dependencies = (
			);
			name = UniversalLib;
			productName = UniversalLib;
		};
/* End PBXAggregateTarget section */

/* Begin PBXBuildFile section */
		BBD1D6011CA025610084AA03 /* FactoryProviderIos.m in Sources */ = {isa = PBXBuildFile; fileRef = BBD1D5C11CA025610084AA03 /* FactoryProviderIos.m */; };
		BBD1D6021CA025610084AA03 /* FontFactoryIos.m in Sources */ = {isa = PBXBuildFile; fileRef = BBD1D5C41CA025610084AA03 /* FontFactoryIos.m */; };
		BBD1D6031CA025610084AA03 /* FontI.m in Sources */ = {isa = PBXBuildFile; fileRef = BBD1D5C61CA025610084AA03 /* FontI.m */; };
		BBD1D6041CA025610084AA03 /* FontLoaderI.m in Sources */ = {isa = PBXBuildFile; fileRef = BBD1D5C81CA025610084AA03 /* FontLoaderI.m */; };
		BBD1D6051CA025610084AA03 /* FontRenderContextI.m in Sources */ = {isa = PBXBuildFile; fileRef = BBD1D5CA1CA025610084AA03 /* FontRenderContextI.m */; };
		BBD1D6061CA025610084AA03 /* TextAttributeI.m in Sources */ = {isa = PBXBuildFile; fileRef = BBD1D5CC1CA025610084AA03 /* TextAttributeI.m */; };
		BBD1D6071CA025610084AA03 /* TextAttributeProviderI.m in Sources */ = {isa = PBXBuildFile; fileRef = BBD1D5CE1CA025610084AA03 /* TextAttributeProviderI.m */; };
		BBD1D6081CA025610084AA03 /* TextLayoutI.m in Sources */ = {isa = PBXBuildFile; fileRef = BBD1D5D01CA025610084AA03 /* TextLayoutI.m */; };
		BBD1D6091CA025610084AA03 /* GeomFactoryIos.m in Sources */ = {isa = PBXBuildFile; fileRef = BBD1D5D31CA025610084AA03 /* GeomFactoryIos.m */; };
		BBD1D60A1CA025610084AA03 /* Line2DI.m in Sources */ = {isa = PBXBuildFile; fileRef = BBD1D5D51CA025610084AA03 /* Line2DI.m */; };
		BBD1D60B1CA025610084AA03 /* Point2DI.m in Sources */ = {isa = PBXBuildFile; fileRef = BBD1D5D71CA025610084AA03 /* Point2DI.m */; };
		BBD1D60C1CA025610084AA03 /* Rectangle2DI.m in Sources */ = {isa = PBXBuildFile; fileRef = BBD1D5D91CA025610084AA03 /* Rectangle2DI.m */; };
		BBD1D60D1CA025610084AA03 /* RoundRectangle2DI.m in Sources */ = {isa = PBXBuildFile; fileRef = BBD1D5DB1CA025610084AA03 /* RoundRectangle2DI.m */; };
		BBD1D60E1CA025610084AA03 /* BasicStrokeI.m in Sources */ = {isa = PBXBuildFile; fileRef = BBD1D5DE1CA025610084AA03 /* BasicStrokeI.m */; };
		BBD1D60F1CA025610084AA03 /* ColorI.m in Sources */ = {isa = PBXBuildFile; fileRef = BBD1D5E01CA025610084AA03 /* ColorI.m */; };
		BBD1D6101CA025610084AA03 /* Graphics2DI.m in Sources */ = {isa = PBXBuildFile; fileRef = BBD1D5E21CA025610084AA03 /* Graphics2DI.m */; };
		BBD1D6111CA025610084AA03 /* GraphicsFactoryIos.m in Sources */ = {isa = PBXBuildFile; fileRef = BBD1D5E41CA025610084AA03 /* GraphicsFactoryIos.m */; };
		BBD1D6121CA025610084AA03 /* ImageI.m in Sources */ = {isa = PBXBuildFile; fileRef = BBD1D5E61CA025610084AA03 /* ImageI.m */; };
		BBD1D6131CA025610084AA03 /* TransformI.m in Sources */ = {isa = PBXBuildFile; fileRef = BBD1D5E81CA025610084AA03 /* TransformI.m */; };
		BBD1D6141CA025610084AA03 /* LaTexView.m in Sources */ = {isa = PBXBuildFile; fileRef = BBD1D5EA1CA025610084AA03 /* LaTexView.m */; };
		BBD1D6151CA025610084AA03 /* AttrI.m in Sources */ = {isa = PBXBuildFile; fileRef = BBD1D5ED1CA025610084AA03 /* AttrI.m */; };
		BBD1D6161CA025610084AA03 /* DocumentI.m in Sources */ = {isa = PBXBuildFile; fileRef = BBD1D5EF1CA025610084AA03 /* DocumentI.m */; };
		BBD1D6171CA025610084AA03 /* ElementI.m in Sources */ = {isa = PBXBuildFile; fileRef = BBD1D5F11CA025610084AA03 /* ElementI.m */; };
		BBD1D6181CA025610084AA03 /* NamedNodeMapI.m in Sources */ = {isa = PBXBuildFile; fileRef = BBD1D5F31CA025610084AA03 /* NamedNodeMapI.m */; };
		BBD1D6191CA025610084AA03 /* NodeI.m in Sources */ = {isa = PBXBuildFile; fileRef = BBD1D5F51CA025610084AA03 /* NodeI.m */; };
		BBD1D61A1CA025610084AA03 /* NodeListI.m in Sources */ = {isa = PBXBuildFile; fileRef = BBD1D5F71CA025610084AA03 /* NodeListI.m */; };
		BBD1D61B1CA025610084AA03 /* ParserFactoryIos.m in Sources */ = {isa = PBXBuildFile; fileRef = BBD1D5F91CA025610084AA03 /* ParserFactoryIos.m */; };
		BBD1D61C1CA025610084AA03 /* ParserI.m in Sources */ = {isa = PBXBuildFile; fileRef = BBD1D5FB1CA025610084AA03 /* ParserI.m */; };
		BBD1D61D1CA025610084AA03 /* ResourceLoaderFactoryIos.m in Sources */ = {isa = PBXBuildFile; fileRef = BBD1D5FE1CA025610084AA03 /* ResourceLoaderFactoryIos.m */; };
		BBD1D61E1CA025610084AA03 /* ResourceLoaderI.m in Sources */ = {isa = PBXBuildFile; fileRef = BBD1D6001CA025610084AA03 /* ResourceLoaderI.m */; };
		BBD1D6AA1CA13C170084AA03 /* FactoryProviderIos.h in CopyFiles */ = {isa = PBXBuildFile; fileRef = BBD1D5C01CA025610084AA03 /* FactoryProviderIos.h */; };
		BBD1D6C31CA13DB80084AA03 /* LaTexView.h in CopyFiles */ = {isa = PBXBuildFile; fileRef = BBD1D5E91CA025610084AA03 /* LaTexView.h */; };
		BBD1D6DC1CA142250084AA03 /* Resources in Resources */ = {isa = PBXBuildFile; fileRef = BBD1D6DB1CA142250084AA03 /* Resources */; };
/* End PBXBuildFile section */

/* Begin PBXCopyFilesBuildPhase section */
		BBD1D6A91CA13BD20084AA03 /* CopyFiles */ = {
			isa = PBXCopyFilesBuildPhase;
			buildActionMask = 2147483647;
			dstPath = "include/${PRODUCT_NAME}";
			dstSubfolderSpec = 16;
			files = (
				BBD1D6AA1CA13C170084AA03 /* FactoryProviderIos.h in CopyFiles */,
				BBD1D6C31CA13DB80084AA03 /* LaTexView.h in CopyFiles */,
			);
			runOnlyForDeploymentPostprocessing = 0;
		};
/* End PBXCopyFilesBuildPhase section */

/* Begin PBXFileReference section */
		BB84DD321CA02482001D8A0B /* libReTeX.a */ = {isa = PBXFileReference; explicitFileType = archive.ar; includeInIndex = 0; path = libReTeX.a; sourceTree = BUILT_PRODUCTS_DIR; };
		BBD1D5C01CA025610084AA03 /* FactoryProviderIos.h */ = {isa = PBXFileReference; fileEncoding = 4; lastKnownFileType = sourcecode.c.h; path = FactoryProviderIos.h; sourceTree = "<group>"; };
		BBD1D5C11CA025610084AA03 /* FactoryProviderIos.m */ = {isa = PBXFileReference; fileEncoding = 4; lastKnownFileType = sourcecode.c.objc; path = FactoryProviderIos.m; sourceTree = "<group>"; };
		BBD1D5C31CA025610084AA03 /* FontFactoryIos.h */ = {isa = PBXFileReference; fileEncoding = 4; lastKnownFileType = sourcecode.c.h; path = FontFactoryIos.h; sourceTree = "<group>"; };
		BBD1D5C41CA025610084AA03 /* FontFactoryIos.m */ = {isa = PBXFileReference; fileEncoding = 4; lastKnownFileType = sourcecode.c.objc; path = FontFactoryIos.m; sourceTree = "<group>"; };
		BBD1D5C51CA025610084AA03 /* FontI.h */ = {isa = PBXFileReference; fileEncoding = 4; lastKnownFileType = sourcecode.c.h; path = FontI.h; sourceTree = "<group>"; };
		BBD1D5C61CA025610084AA03 /* FontI.m */ = {isa = PBXFileReference; fileEncoding = 4; lastKnownFileType = sourcecode.c.objc; path = FontI.m; sourceTree = "<group>"; };
		BBD1D5C71CA025610084AA03 /* FontLoaderI.h */ = {isa = PBXFileReference; fileEncoding = 4; lastKnownFileType = sourcecode.c.h; path = FontLoaderI.h; sourceTree = "<group>"; };
		BBD1D5C81CA025610084AA03 /* FontLoaderI.m */ = {isa = PBXFileReference; fileEncoding = 4; lastKnownFileType = sourcecode.c.objc; path = FontLoaderI.m; sourceTree = "<group>"; };
		BBD1D5C91CA025610084AA03 /* FontRenderContextI.h */ = {isa = PBXFileReference; fileEncoding = 4; lastKnownFileType = sourcecode.c.h; path = FontRenderContextI.h; sourceTree = "<group>"; };
		BBD1D5CA1CA025610084AA03 /* FontRenderContextI.m */ = {isa = PBXFileReference; fileEncoding = 4; lastKnownFileType = sourcecode.c.objc; path = FontRenderContextI.m; sourceTree = "<group>"; };
		BBD1D5CB1CA025610084AA03 /* TextAttributeI.h */ = {isa = PBXFileReference; fileEncoding = 4; lastKnownFileType = sourcecode.c.h; path = TextAttributeI.h; sourceTree = "<group>"; };
		BBD1D5CC1CA025610084AA03 /* TextAttributeI.m */ = {isa = PBXFileReference; fileEncoding = 4; lastKnownFileType = sourcecode.c.objc; path = TextAttributeI.m; sourceTree = "<group>"; };
		BBD1D5CD1CA025610084AA03 /* TextAttributeProviderI.h */ = {isa = PBXFileReference; fileEncoding = 4; lastKnownFileType = sourcecode.c.h; path = TextAttributeProviderI.h; sourceTree = "<group>"; };
		BBD1D5CE1CA025610084AA03 /* TextAttributeProviderI.m */ = {isa = PBXFileReference; fileEncoding = 4; lastKnownFileType = sourcecode.c.objc; path = TextAttributeProviderI.m; sourceTree = "<group>"; };
		BBD1D5CF1CA025610084AA03 /* TextLayoutI.h */ = {isa = PBXFileReference; fileEncoding = 4; lastKnownFileType = sourcecode.c.h; path = TextLayoutI.h; sourceTree = "<group>"; };
		BBD1D5D01CA025610084AA03 /* TextLayoutI.m */ = {isa = PBXFileReference; fileEncoding = 4; lastKnownFileType = sourcecode.c.objc; path = TextLayoutI.m; sourceTree = "<group>"; };
		BBD1D5D21CA025610084AA03 /* GeomFactoryIos.h */ = {isa = PBXFileReference; fileEncoding = 4; lastKnownFileType = sourcecode.c.h; path = GeomFactoryIos.h; sourceTree = "<group>"; };
		BBD1D5D31CA025610084AA03 /* GeomFactoryIos.m */ = {isa = PBXFileReference; fileEncoding = 4; lastKnownFileType = sourcecode.c.objc; path = GeomFactoryIos.m; sourceTree = "<group>"; };
		BBD1D5D41CA025610084AA03 /* Line2DI.h */ = {isa = PBXFileReference; fileEncoding = 4; lastKnownFileType = sourcecode.c.h; path = Line2DI.h; sourceTree = "<group>"; };
		BBD1D5D51CA025610084AA03 /* Line2DI.m */ = {isa = PBXFileReference; fileEncoding = 4; lastKnownFileType = sourcecode.c.objc; path = Line2DI.m; sourceTree = "<group>"; };
		BBD1D5D61CA025610084AA03 /* Point2DI.h */ = {isa = PBXFileReference; fileEncoding = 4; lastKnownFileType = sourcecode.c.h; path = Point2DI.h; sourceTree = "<group>"; };
		BBD1D5D71CA025610084AA03 /* Point2DI.m */ = {isa = PBXFileReference; fileEncoding = 4; lastKnownFileType = sourcecode.c.objc; path = Point2DI.m; sourceTree = "<group>"; };
		BBD1D5D81CA025610084AA03 /* Rectangle2DI.h */ = {isa = PBXFileReference; fileEncoding = 4; lastKnownFileType = sourcecode.c.h; path = Rectangle2DI.h; sourceTree = "<group>"; };
		BBD1D5D91CA025610084AA03 /* Rectangle2DI.m */ = {isa = PBXFileReference; fileEncoding = 4; lastKnownFileType = sourcecode.c.objc; path = Rectangle2DI.m; sourceTree = "<group>"; };
		BBD1D5DA1CA025610084AA03 /* RoundRectangle2DI.h */ = {isa = PBXFileReference; fileEncoding = 4; lastKnownFileType = sourcecode.c.h; path = RoundRectangle2DI.h; sourceTree = "<group>"; };
		BBD1D5DB1CA025610084AA03 /* RoundRectangle2DI.m */ = {isa = PBXFileReference; fileEncoding = 4; lastKnownFileType = sourcecode.c.objc; path = RoundRectangle2DI.m; sourceTree = "<group>"; };
		BBD1D5DD1CA025610084AA03 /* BasicStrokeI.h */ = {isa = PBXFileReference; fileEncoding = 4; lastKnownFileType = sourcecode.c.h; path = BasicStrokeI.h; sourceTree = "<group>"; };
		BBD1D5DE1CA025610084AA03 /* BasicStrokeI.m */ = {isa = PBXFileReference; fileEncoding = 4; lastKnownFileType = sourcecode.c.objc; path = BasicStrokeI.m; sourceTree = "<group>"; };
		BBD1D5DF1CA025610084AA03 /* ColorI.h */ = {isa = PBXFileReference; fileEncoding = 4; lastKnownFileType = sourcecode.c.h; path = ColorI.h; sourceTree = "<group>"; };
		BBD1D5E01CA025610084AA03 /* ColorI.m */ = {isa = PBXFileReference; fileEncoding = 4; lastKnownFileType = sourcecode.c.objc; path = ColorI.m; sourceTree = "<group>"; };
		BBD1D5E11CA025610084AA03 /* Graphics2DI.h */ = {isa = PBXFileReference; fileEncoding = 4; lastKnownFileType = sourcecode.c.h; path = Graphics2DI.h; sourceTree = "<group>"; };
		BBD1D5E21CA025610084AA03 /* Graphics2DI.m */ = {isa = PBXFileReference; fileEncoding = 4; lastKnownFileType = sourcecode.c.objc; path = Graphics2DI.m; sourceTree = "<group>"; };
		BBD1D5E31CA025610084AA03 /* GraphicsFactoryIos.h */ = {isa = PBXFileReference; fileEncoding = 4; lastKnownFileType = sourcecode.c.h; path = GraphicsFactoryIos.h; sourceTree = "<group>"; };
		BBD1D5E41CA025610084AA03 /* GraphicsFactoryIos.m */ = {isa = PBXFileReference; fileEncoding = 4; lastKnownFileType = sourcecode.c.objc; path = GraphicsFactoryIos.m; sourceTree = "<group>"; };
		BBD1D5E51CA025610084AA03 /* ImageI.h */ = {isa = PBXFileReference; fileEncoding = 4; lastKnownFileType = sourcecode.c.h; path = ImageI.h; sourceTree = "<group>"; };
		BBD1D5E61CA025610084AA03 /* ImageI.m */ = {isa = PBXFileReference; fileEncoding = 4; lastKnownFileType = sourcecode.c.objc; path = ImageI.m; sourceTree = "<group>"; };
		BBD1D5E71CA025610084AA03 /* TransformI.h */ = {isa = PBXFileReference; fileEncoding = 4; lastKnownFileType = sourcecode.c.h; path = TransformI.h; sourceTree = "<group>"; };
		BBD1D5E81CA025610084AA03 /* TransformI.m */ = {isa = PBXFileReference; fileEncoding = 4; lastKnownFileType = sourcecode.c.objc; path = TransformI.m; sourceTree = "<group>"; };
		BBD1D5E91CA025610084AA03 /* LaTexView.h */ = {isa = PBXFileReference; fileEncoding = 4; lastKnownFileType = sourcecode.c.h; path = LaTexView.h; sourceTree = "<group>"; };
		BBD1D5EA1CA025610084AA03 /* LaTexView.m */ = {isa = PBXFileReference; fileEncoding = 4; lastKnownFileType = sourcecode.c.objc; path = LaTexView.m; sourceTree = "<group>"; };
		BBD1D5EC1CA025610084AA03 /* AttrI.h */ = {isa = PBXFileReference; fileEncoding = 4; lastKnownFileType = sourcecode.c.h; path = AttrI.h; sourceTree = "<group>"; };
		BBD1D5ED1CA025610084AA03 /* AttrI.m */ = {isa = PBXFileReference; fileEncoding = 4; lastKnownFileType = sourcecode.c.objc; path = AttrI.m; sourceTree = "<group>"; };
		BBD1D5EE1CA025610084AA03 /* DocumentI.h */ = {isa = PBXFileReference; fileEncoding = 4; lastKnownFileType = sourcecode.c.h; path = DocumentI.h; sourceTree = "<group>"; };
		BBD1D5EF1CA025610084AA03 /* DocumentI.m */ = {isa = PBXFileReference; fileEncoding = 4; lastKnownFileType = sourcecode.c.objc; path = DocumentI.m; sourceTree = "<group>"; };
		BBD1D5F01CA025610084AA03 /* ElementI.h */ = {isa = PBXFileReference; fileEncoding = 4; lastKnownFileType = sourcecode.c.h; path = ElementI.h; sourceTree = "<group>"; };
		BBD1D5F11CA025610084AA03 /* ElementI.m */ = {isa = PBXFileReference; fileEncoding = 4; lastKnownFileType = sourcecode.c.objc; path = ElementI.m; sourceTree = "<group>"; };
		BBD1D5F21CA025610084AA03 /* NamedNodeMapI.h */ = {isa = PBXFileReference; fileEncoding = 4; lastKnownFileType = sourcecode.c.h; path = NamedNodeMapI.h; sourceTree = "<group>"; };
		BBD1D5F31CA025610084AA03 /* NamedNodeMapI.m */ = {isa = PBXFileReference; fileEncoding = 4; lastKnownFileType = sourcecode.c.objc; path = NamedNodeMapI.m; sourceTree = "<group>"; };
		BBD1D5F41CA025610084AA03 /* NodeI.h */ = {isa = PBXFileReference; fileEncoding = 4; lastKnownFileType = sourcecode.c.h; path = NodeI.h; sourceTree = "<group>"; };
		BBD1D5F51CA025610084AA03 /* NodeI.m */ = {isa = PBXFileReference; fileEncoding = 4; lastKnownFileType = sourcecode.c.objc; path = NodeI.m; sourceTree = "<group>"; };
		BBD1D5F61CA025610084AA03 /* NodeListI.h */ = {isa = PBXFileReference; fileEncoding = 4; lastKnownFileType = sourcecode.c.h; path = NodeListI.h; sourceTree = "<group>"; };
		BBD1D5F71CA025610084AA03 /* NodeListI.m */ = {isa = PBXFileReference; fileEncoding = 4; lastKnownFileType = sourcecode.c.objc; path = NodeListI.m; sourceTree = "<group>"; };
		BBD1D5F81CA025610084AA03 /* ParserFactoryIos.h */ = {isa = PBXFileReference; fileEncoding = 4; lastKnownFileType = sourcecode.c.h; path = ParserFactoryIos.h; sourceTree = "<group>"; };
		BBD1D5F91CA025610084AA03 /* ParserFactoryIos.m */ = {isa = PBXFileReference; fileEncoding = 4; lastKnownFileType = sourcecode.c.objc; path = ParserFactoryIos.m; sourceTree = "<group>"; };
		BBD1D5FA1CA025610084AA03 /* ParserI.h */ = {isa = PBXFileReference; fileEncoding = 4; lastKnownFileType = sourcecode.c.h; path = ParserI.h; sourceTree = "<group>"; };
		BBD1D5FB1CA025610084AA03 /* ParserI.m */ = {isa = PBXFileReference; fileEncoding = 4; lastKnownFileType = sourcecode.c.objc; path = ParserI.m; sourceTree = "<group>"; };
		BBD1D5FD1CA025610084AA03 /* ResourceLoaderFactoryIos.h */ = {isa = PBXFileReference; fileEncoding = 4; lastKnownFileType = sourcecode.c.h; path = ResourceLoaderFactoryIos.h; sourceTree = "<group>"; };
		BBD1D5FE1CA025610084AA03 /* ResourceLoaderFactoryIos.m */ = {isa = PBXFileReference; fileEncoding = 4; lastKnownFileType = sourcecode.c.objc; path = ResourceLoaderFactoryIos.m; sourceTree = "<group>"; };
		BBD1D5FF1CA025610084AA03 /* ResourceLoaderI.h */ = {isa = PBXFileReference; fileEncoding = 4; lastKnownFileType = sourcecode.c.h; path = ResourceLoaderI.h; sourceTree = "<group>"; };
		BBD1D6001CA025610084AA03 /* ResourceLoaderI.m */ = {isa = PBXFileReference; fileEncoding = 4; lastKnownFileType = sourcecode.c.objc; path = ResourceLoaderI.m; sourceTree = "<group>"; };
		BBD1D6D31CA140990084AA03 /* ReTeXResources.bundle */ = {isa = PBXFileReference; explicitFileType = wrapper.cfbundle; includeInIndex = 0; path = ReTeXResources.bundle; sourceTree = BUILT_PRODUCTS_DIR; };
		BBD1D6D51CA140990084AA03 /* Info.plist */ = {isa = PBXFileReference; lastKnownFileType = text.plist.xml; path = Info.plist; sourceTree = "<group>"; };
		BBD1D6DA1CA142140084AA03 /* Config.xcconfig */ = {isa = PBXFileReference; fileEncoding = 4; lastKnownFileType = text.xcconfig; path = Config.xcconfig; sourceTree = SOURCE_ROOT; };
		BBD1D6DB1CA142250084AA03 /* Resources */ = {isa = PBXFileReference; lastKnownFileType = folder; path = Resources; sourceTree = "<group>"; };
/* End PBXFileReference section */

/* Begin PBXFrameworksBuildPhase section */
		BB84DD2F1CA02482001D8A0B /* Frameworks */ = {
			isa = PBXFrameworksBuildPhase;
			buildActionMask = 2147483647;
			files = (
			);
			runOnlyForDeploymentPostprocessing = 0;
		};
		BBD1D6D01CA140990084AA03 /* Frameworks */ = {
			isa = PBXFrameworksBuildPhase;
			buildActionMask = 2147483647;
			files = (
			);
			runOnlyForDeploymentPostprocessing = 0;
		};
/* End PBXFrameworksBuildPhase section */

/* Begin PBXGroup section */
		BB84DD291CA02482001D8A0B = {
			isa = PBXGroup;
			children = (
				BB84DD341CA02482001D8A0B /* ReTeX */,
				BBD1D6D41CA140990084AA03 /* ReTeXResources */,
				BB84DD331CA02482001D8A0B /* Products */,
			);
			sourceTree = "<group>";
		};
		BB84DD331CA02482001D8A0B /* Products */ = {
			isa = PBXGroup;
			children = (
				BB84DD321CA02482001D8A0B /* libReTeX.a */,
				BBD1D6D31CA140990084AA03 /* ReTeXResources.bundle */,
			);
			name = Products;
			sourceTree = "<group>";
		};
		BB84DD341CA02482001D8A0B /* ReTeX */ = {
			isa = PBXGroup;
			children = (
				BBD1D6DA1CA142140084AA03 /* Config.xcconfig */,
				BBD1D5BF1CA025610084AA03 /* Classes */,
			);
			path = ReTeX;
			sourceTree = "<group>";
		};
		BBD1D5BF1CA025610084AA03 /* Classes */ = {
			isa = PBXGroup;
			children = (
				BBD1D5C01CA025610084AA03 /* FactoryProviderIos.h */,
				BBD1D5C11CA025610084AA03 /* FactoryProviderIos.m */,
				BBD1D5E91CA025610084AA03 /* LaTexView.h */,
				BBD1D5EA1CA025610084AA03 /* LaTexView.m */,
				BBD1D5C21CA025610084AA03 /* font */,
				BBD1D5D11CA025610084AA03 /* geom */,
				BBD1D5DC1CA025610084AA03 /* graphics */,
				BBD1D5EB1CA025610084AA03 /* parser */,
				BBD1D5FC1CA025610084AA03 /* resources */,
			);
			path = Classes;
			sourceTree = "<group>";
		};
		BBD1D5C21CA025610084AA03 /* font */ = {
			isa = PBXGroup;
			children = (
				BBD1D5C31CA025610084AA03 /* FontFactoryIos.h */,
				BBD1D5C41CA025610084AA03 /* FontFactoryIos.m */,
				BBD1D5C51CA025610084AA03 /* FontI.h */,
				BBD1D5C61CA025610084AA03 /* FontI.m */,
				BBD1D5C71CA025610084AA03 /* FontLoaderI.h */,
				BBD1D5C81CA025610084AA03 /* FontLoaderI.m */,
				BBD1D5C91CA025610084AA03 /* FontRenderContextI.h */,
				BBD1D5CA1CA025610084AA03 /* FontRenderContextI.m */,
				BBD1D5CB1CA025610084AA03 /* TextAttributeI.h */,
				BBD1D5CC1CA025610084AA03 /* TextAttributeI.m */,
				BBD1D5CD1CA025610084AA03 /* TextAttributeProviderI.h */,
				BBD1D5CE1CA025610084AA03 /* TextAttributeProviderI.m */,
				BBD1D5CF1CA025610084AA03 /* TextLayoutI.h */,
				BBD1D5D01CA025610084AA03 /* TextLayoutI.m */,
			);
			path = font;
			sourceTree = "<group>";
		};
		BBD1D5D11CA025610084AA03 /* geom */ = {
			isa = PBXGroup;
			children = (
				BBD1D5D21CA025610084AA03 /* GeomFactoryIos.h */,
				BBD1D5D31CA025610084AA03 /* GeomFactoryIos.m */,
				BBD1D5D41CA025610084AA03 /* Line2DI.h */,
				BBD1D5D51CA025610084AA03 /* Line2DI.m */,
				BBD1D5D61CA025610084AA03 /* Point2DI.h */,
				BBD1D5D71CA025610084AA03 /* Point2DI.m */,
				BBD1D5D81CA025610084AA03 /* Rectangle2DI.h */,
				BBD1D5D91CA025610084AA03 /* Rectangle2DI.m */,
				BBD1D5DA1CA025610084AA03 /* RoundRectangle2DI.h */,
				BBD1D5DB1CA025610084AA03 /* RoundRectangle2DI.m */,
			);
			path = geom;
			sourceTree = "<group>";
		};
		BBD1D5DC1CA025610084AA03 /* graphics */ = {
			isa = PBXGroup;
			children = (
				BBD1D5DD1CA025610084AA03 /* BasicStrokeI.h */,
				BBD1D5DE1CA025610084AA03 /* BasicStrokeI.m */,
				BBD1D5DF1CA025610084AA03 /* ColorI.h */,
				BBD1D5E01CA025610084AA03 /* ColorI.m */,
				BBD1D5E11CA025610084AA03 /* Graphics2DI.h */,
				BBD1D5E21CA025610084AA03 /* Graphics2DI.m */,
				BBD1D5E31CA025610084AA03 /* GraphicsFactoryIos.h */,
				BBD1D5E41CA025610084AA03 /* GraphicsFactoryIos.m */,
				BBD1D5E51CA025610084AA03 /* ImageI.h */,
				BBD1D5E61CA025610084AA03 /* ImageI.m */,
				BBD1D5E71CA025610084AA03 /* TransformI.h */,
				BBD1D5E81CA025610084AA03 /* TransformI.m */,
			);
			path = graphics;
			sourceTree = "<group>";
		};
		BBD1D5EB1CA025610084AA03 /* parser */ = {
			isa = PBXGroup;
			children = (
				BBD1D5EC1CA025610084AA03 /* AttrI.h */,
				BBD1D5ED1CA025610084AA03 /* AttrI.m */,
				BBD1D5EE1CA025610084AA03 /* DocumentI.h */,
				BBD1D5EF1CA025610084AA03 /* DocumentI.m */,
				BBD1D5F01CA025610084AA03 /* ElementI.h */,
				BBD1D5F11CA025610084AA03 /* ElementI.m */,
				BBD1D5F21CA025610084AA03 /* NamedNodeMapI.h */,
				BBD1D5F31CA025610084AA03 /* NamedNodeMapI.m */,
				BBD1D5F41CA025610084AA03 /* NodeI.h */,
				BBD1D5F51CA025610084AA03 /* NodeI.m */,
				BBD1D5F61CA025610084AA03 /* NodeListI.h */,
				BBD1D5F71CA025610084AA03 /* NodeListI.m */,
				BBD1D5F81CA025610084AA03 /* ParserFactoryIos.h */,
				BBD1D5F91CA025610084AA03 /* ParserFactoryIos.m */,
				BBD1D5FA1CA025610084AA03 /* ParserI.h */,
				BBD1D5FB1CA025610084AA03 /* ParserI.m */,
			);
			path = parser;
			sourceTree = "<group>";
		};
		BBD1D5FC1CA025610084AA03 /* resources */ = {
			isa = PBXGroup;
			children = (
				BBD1D5FD1CA025610084AA03 /* ResourceLoaderFactoryIos.h */,
				BBD1D5FE1CA025610084AA03 /* ResourceLoaderFactoryIos.m */,
				BBD1D5FF1CA025610084AA03 /* ResourceLoaderI.h */,
				BBD1D6001CA025610084AA03 /* ResourceLoaderI.m */,
			);
			path = resources;
			sourceTree = "<group>";
		};
		BBD1D6D41CA140990084AA03 /* ReTeXResources */ = {
			isa = PBXGroup;
			children = (
				BBD1D6DB1CA142250084AA03 /* Resources */,
				BBD1D6D51CA140990084AA03 /* Info.plist */,
			);
			path = ReTeXResources;
			sourceTree = "<group>";
		};
/* End PBXGroup section */

/* Begin PBXNativeTarget section */
		BB84DD311CA02482001D8A0B /* ReTeX */ = {
			isa = PBXNativeTarget;
			buildConfigurationList = BB84DD3B1CA02482001D8A0B /* Build configuration list for PBXNativeTarget "ReTeX" */;
			buildPhases = (
				BB84DD2E1CA02482001D8A0B /* Sources */,
				BB84DD2F1CA02482001D8A0B /* Frameworks */,
				BBD1D6A91CA13BD20084AA03 /* CopyFiles */,
			);
			buildRules = (
			);
			dependencies = (
			);
			name = ReTeX;
			productName = ReTeX;
			productReference = BB84DD321CA02482001D8A0B /* libReTeX.a */;
			productType = "com.apple.product-type.library.static";
		};
		BBD1D6D21CA140990084AA03 /* ReTeXResources */ = {
			isa = PBXNativeTarget;
			buildConfigurationList = BBD1D6D81CA140990084AA03 /* Build configuration list for PBXNativeTarget "ReTeXResources" */;
			buildPhases = (
				BBD1D6CF1CA140990084AA03 /* Sources */,
				BBD1D6D01CA140990084AA03 /* Frameworks */,
				BBD1D6D11CA140990084AA03 /* Resources */,
			);
			buildRules = (
			);
			dependencies = (
			);
			name = ReTeXResources;
			productName = ReTeXResources;
			productReference = BBD1D6D31CA140990084AA03 /* ReTeXResources.bundle */;
			productType = "com.apple.product-type.bundle";
		};
/* End PBXNativeTarget section */

/* Begin PBXProject section */
		BB84DD2A1CA02482001D8A0B /* Project object */ = {
			isa = PBXProject;
			attributes = {
				LastUpgradeCheck = 0720;
				ORGANIZATIONNAME = GeoGebra;
				TargetAttributes = {
					BB84DD311CA02482001D8A0B = {
						CreatedOnToolsVersion = 7.2.1;
					};
					BBD1D6D21CA140990084AA03 = {
						CreatedOnToolsVersion = 7.2.1;
					};
					BBD1D6F61CA163A50084AA03 = {
						CreatedOnToolsVersion = 7.2.1;
					};
				};
			};
			buildConfigurationList = BB84DD2D1CA02482001D8A0B /* Build configuration list for PBXProject "ReTeX" */;
			compatibilityVersion = "Xcode 3.2";
			developmentRegion = English;
			hasScannedForEncodings = 0;
			knownRegions = (
				en,
			);
			mainGroup = BB84DD291CA02482001D8A0B;
			productRefGroup = BB84DD331CA02482001D8A0B /* Products */;
			projectDirPath = "";
			projectRoot = "";
			targets = (
				BB84DD311CA02482001D8A0B /* ReTeX */,
				BBD1D6D21CA140990084AA03 /* ReTeXResources */,
				BBD1D6F61CA163A50084AA03 /* UniversalLib */,
			);
		};
/* End PBXProject section */

/* Begin PBXResourcesBuildPhase section */
		BBD1D6D11CA140990084AA03 /* Resources */ = {
			isa = PBXResourcesBuildPhase;
			buildActionMask = 2147483647;
			files = (
				BBD1D6DC1CA142250084AA03 /* Resources in Resources */,
			);
			runOnlyForDeploymentPostprocessing = 0;
		};
/* End PBXResourcesBuildPhase section */

/* Begin PBXShellScriptBuildPhase section */
		BBD1D6FA1CA163B70084AA03 /* ShellScript */ = {
			isa = PBXShellScriptBuildPhase;
			buildActionMask = 2147483647;
			files = (
			);
			inputPaths = (
			);
			outputPaths = (
			);
			runOnlyForDeploymentPostprocessing = 0;
			shellPath = /bin/sh;
			shellScript = "# define output folder environment variable\nUNIVERSAL_OUTPUTFOLDER=${BUILD_DIR}/${CONFIGURATION}-universal\n\n# Step 1. Build Device and Simulator versions\nxcodebuild -target ReTeX ONLY_ACTIVE_ARCH=NO -configuration ${CONFIGURATION} -sdk iphoneos  BUILD_DIR=\"${BUILD_DIR}\" BUILD_ROOT=\"${BUILD_ROOT}\"\nxcodebuild -target ImageFilters -configuration ${CONFIGURATION} -sdk iphonesimulator -arch i386 BUILD_DIR=\"${BUILD_DIR}\" BUILD_ROOT=\"${BUILD_ROOT}\"\n\n# make sure the output directory exists\nmkdir -p \"${UNIVERSAL_OUTPUTFOLDER}\"\n\n# Step 2. Create universal binary file using lipo\nlipo -create -output \"${UNIVERSAL_OUTPUTFOLDER}/lib${PROJECT_NAME}.a\" \"${BUILD_DIR}/${CONFIGURATION}-iphoneos/lib${PROJECT_NAME}.a\" \"${BUILD_DIR}/${CONFIGURATION}-iphonesimulator/lib${PROJECT_NAME}.a\"\n\n# Last touch. copy the header files. Just for convenience\ncp -R \"${BUILD_DIR}/${CONFIGURATION}-iphoneos/include\" \"${UNIVERSAL_OUTPUTFOLDER}/\"";
		};
/* End PBXShellScriptBuildPhase section */

/* Begin PBXSourcesBuildPhase section */
		BB84DD2E1CA02482001D8A0B /* Sources */ = {
			isa = PBXSourcesBuildPhase;
			buildActionMask = 2147483647;
			files = (
				BBD1D6091CA025610084AA03 /* GeomFactoryIos.m in Sources */,
				BBD1D6071CA025610084AA03 /* TextAttributeProviderI.m in Sources */,
				BBD1D60B1CA025610084AA03 /* Point2DI.m in Sources */,
				BBD1D6131CA025610084AA03 /* TransformI.m in Sources */,
				BBD1D61B1CA025610084AA03 /* ParserFactoryIos.m in Sources */,
				BBD1D6101CA025610084AA03 /* Graphics2DI.m in Sources */,
				BBD1D60E1CA025610084AA03 /* BasicStrokeI.m in Sources */,
				BBD1D6011CA025610084AA03 /* FactoryProviderIos.m in Sources */,
				BBD1D61A1CA025610084AA03 /* NodeListI.m in Sources */,
				BBD1D6051CA025610084AA03 /* FontRenderContextI.m in Sources */,
				BBD1D61C1CA025610084AA03 /* ParserI.m in Sources */,
				BBD1D6031CA025610084AA03 /* FontI.m in Sources */,
				BBD1D61D1CA025610084AA03 /* ResourceLoaderFactoryIos.m in Sources */,
				BBD1D6141CA025610084AA03 /* LaTexView.m in Sources */,
				BBD1D6111CA025610084AA03 /* GraphicsFactoryIos.m in Sources */,
				BBD1D6081CA025610084AA03 /* TextLayoutI.m in Sources */,
				BBD1D6191CA025610084AA03 /* NodeI.m in Sources */,
				BBD1D61E1CA025610084AA03 /* ResourceLoaderI.m in Sources */,
				BBD1D6161CA025610084AA03 /* DocumentI.m in Sources */,
				BBD1D6121CA025610084AA03 /* ImageI.m in Sources */,
				BBD1D6021CA025610084AA03 /* FontFactoryIos.m in Sources */,
				BBD1D6171CA025610084AA03 /* ElementI.m in Sources */,
				BBD1D60A1CA025610084AA03 /* Line2DI.m in Sources */,
				BBD1D6151CA025610084AA03 /* AttrI.m in Sources */,
				BBD1D60F1CA025610084AA03 /* ColorI.m in Sources */,
				BBD1D60D1CA025610084AA03 /* RoundRectangle2DI.m in Sources */,
				BBD1D6061CA025610084AA03 /* TextAttributeI.m in Sources */,
				BBD1D60C1CA025610084AA03 /* Rectangle2DI.m in Sources */,
				BBD1D6181CA025610084AA03 /* NamedNodeMapI.m in Sources */,
				BBD1D6041CA025610084AA03 /* FontLoaderI.m in Sources */,
			);
			runOnlyForDeploymentPostprocessing = 0;
		};
		BBD1D6CF1CA140990084AA03 /* Sources */ = {
			isa = PBXSourcesBuildPhase;
			buildActionMask = 2147483647;
			files = (
			);
			runOnlyForDeploymentPostprocessing = 0;
		};
/* End PBXSourcesBuildPhase section */

/* Begin XCBuildConfiguration section */
		BB84DD391CA02482001D8A0B /* Debug */ = {
			isa = XCBuildConfiguration;
			buildSettings = {
				ALWAYS_SEARCH_USER_PATHS = NO;
				CLANG_CXX_LANGUAGE_STANDARD = "gnu++0x";
				CLANG_CXX_LIBRARY = "libc++";
				CLANG_ENABLE_MODULES = YES;
				CLANG_ENABLE_OBJC_ARC = YES;
				CLANG_WARN_BOOL_CONVERSION = YES;
				CLANG_WARN_CONSTANT_CONVERSION = YES;
				CLANG_WARN_DIRECT_OBJC_ISA_USAGE = YES_ERROR;
				CLANG_WARN_EMPTY_BODY = YES;
				CLANG_WARN_ENUM_CONVERSION = YES;
				CLANG_WARN_INT_CONVERSION = YES;
				CLANG_WARN_OBJC_ROOT_CLASS = YES_ERROR;
				CLANG_WARN_UNREACHABLE_CODE = YES;
				CLANG_WARN__DUPLICATE_METHOD_MATCH = YES;
				"CODE_SIGN_IDENTITY[sdk=iphoneos*]" = "iPhone Developer";
				COPY_PHASE_STRIP = NO;
				DEBUG_INFORMATION_FORMAT = dwarf;
				ENABLE_STRICT_OBJC_MSGSEND = YES;
				ENABLE_TESTABILITY = YES;
				GCC_C_LANGUAGE_STANDARD = gnu99;
				GCC_DYNAMIC_NO_PIC = NO;
				GCC_NO_COMMON_BLOCKS = YES;
				GCC_OPTIMIZATION_LEVEL = 0;
				GCC_PREPROCESSOR_DEFINITIONS = (
					"DEBUG=1",
					"$(inherited)",
				);
				GCC_WARN_64_TO_32_BIT_CONVERSION = YES;
				GCC_WARN_ABOUT_RETURN_TYPE = YES_ERROR;
				GCC_WARN_UNDECLARED_SELECTOR = YES;
				GCC_WARN_UNINITIALIZED_AUTOS = YES_AGGRESSIVE;
				GCC_WARN_UNUSED_FUNCTION = YES;
				GCC_WARN_UNUSED_VARIABLE = YES;
				IPHONEOS_DEPLOYMENT_TARGET = 9.2;
				MTL_ENABLE_DEBUG_INFO = YES;
				ONLY_ACTIVE_ARCH = YES;
				SDKROOT = iphoneos;
			};
			name = Debug;
		};
		BB84DD3A1CA02482001D8A0B /* Release */ = {
			isa = XCBuildConfiguration;
			buildSettings = {
				ALWAYS_SEARCH_USER_PATHS = NO;
				CLANG_CXX_LANGUAGE_STANDARD = "gnu++0x";
				CLANG_CXX_LIBRARY = "libc++";
				CLANG_ENABLE_MODULES = YES;
				CLANG_ENABLE_OBJC_ARC = YES;
				CLANG_WARN_BOOL_CONVERSION = YES;
				CLANG_WARN_CONSTANT_CONVERSION = YES;
				CLANG_WARN_DIRECT_OBJC_ISA_USAGE = YES_ERROR;
				CLANG_WARN_EMPTY_BODY = YES;
				CLANG_WARN_ENUM_CONVERSION = YES;
				CLANG_WARN_INT_CONVERSION = YES;
				CLANG_WARN_OBJC_ROOT_CLASS = YES_ERROR;
				CLANG_WARN_UNREACHABLE_CODE = YES;
				CLANG_WARN__DUPLICATE_METHOD_MATCH = YES;
				"CODE_SIGN_IDENTITY[sdk=iphoneos*]" = "iPhone Developer";
				COPY_PHASE_STRIP = NO;
				DEBUG_INFORMATION_FORMAT = "dwarf-with-dsym";
				ENABLE_NS_ASSERTIONS = NO;
				ENABLE_STRICT_OBJC_MSGSEND = YES;
				GCC_C_LANGUAGE_STANDARD = gnu99;
				GCC_NO_COMMON_BLOCKS = YES;
				GCC_WARN_64_TO_32_BIT_CONVERSION = YES;
				GCC_WARN_ABOUT_RETURN_TYPE = YES_ERROR;
				GCC_WARN_UNDECLARED_SELECTOR = YES;
				GCC_WARN_UNINITIALIZED_AUTOS = YES_AGGRESSIVE;
				GCC_WARN_UNUSED_FUNCTION = YES;
				GCC_WARN_UNUSED_VARIABLE = YES;
				IPHONEOS_DEPLOYMENT_TARGET = 9.2;
				MTL_ENABLE_DEBUG_INFO = NO;
				SDKROOT = iphoneos;
				VALIDATE_PRODUCT = YES;
			};
			name = Release;
		};
		BB84DD3C1CA02482001D8A0B /* Debug */ = {
			isa = XCBuildConfiguration;
			baseConfigurationReference = BBD1D6DA1CA142140084AA03 /* Config.xcconfig */;
			buildSettings = {
				ENABLE_BITCODE = NO;
				OTHER_LDFLAGS = "-ObjC";
				PRODUCT_NAME = "$(TARGET_NAME)";
				SKIP_INSTALL = YES;
			};
			name = Debug;
		};
		BB84DD3D1CA02482001D8A0B /* Release */ = {
			isa = XCBuildConfiguration;
			baseConfigurationReference = BBD1D6DA1CA142140084AA03 /* Config.xcconfig */;
			buildSettings = {
				ENABLE_BITCODE = NO;
				OTHER_LDFLAGS = "-ObjC";
				PRODUCT_NAME = "$(TARGET_NAME)";
				SKIP_INSTALL = YES;
			};
			name = Release;
		};
		BBD1D6D61CA140990084AA03 /* Debug */ = {
			isa = XCBuildConfiguration;
			buildSettings = {
				CODE_SIGN_IDENTITY = "-";
				COMBINE_HIDPI_IMAGES = YES;
				INFOPLIST_FILE = ReTeXResources/Info.plist;
				INSTALL_PATH = "$(LOCAL_LIBRARY_DIR)/Bundles";
				MACOSX_DEPLOYMENT_TARGET = 10.11;
				PRODUCT_BUNDLE_IDENTIFIER = org.geogebra.ReTeXResources;
				PRODUCT_NAME = "$(TARGET_NAME)";
				SDKROOT = iphoneos;
				SKIP_INSTALL = YES;
				WRAPPER_EXTENSION = bundle;
			};
			name = Debug;
		};
		BBD1D6D71CA140990084AA03 /* Release */ = {
			isa = XCBuildConfiguration;
			buildSettings = {
				CODE_SIGN_IDENTITY = "-";
				COMBINE_HIDPI_IMAGES = YES;
				INFOPLIST_FILE = ReTeXResources/Info.plist;
				INSTALL_PATH = "$(LOCAL_LIBRARY_DIR)/Bundles";
				MACOSX_DEPLOYMENT_TARGET = 10.11;
				PRODUCT_BUNDLE_IDENTIFIER = org.geogebra.ReTeXResources;
				PRODUCT_NAME = "$(TARGET_NAME)";
				SDKROOT = iphoneos;
				SKIP_INSTALL = YES;
				WRAPPER_EXTENSION = bundle;
			};
			name = Release;
		};
		BBD1D6F71CA163A50084AA03 /* Debug */ = {
			isa = XCBuildConfiguration;
			buildSettings = {
				PRODUCT_NAME = "$(TARGET_NAME)";
			};
			name = Debug;
		};
		BBD1D6F81CA163A50084AA03 /* Release */ = {
			isa = XCBuildConfiguration;
			buildSettings = {
				PRODUCT_NAME = "$(TARGET_NAME)";
			};
			name = Release;
		};
/* End XCBuildConfiguration section */

/* Begin XCConfigurationList section */
		BB84DD2D1CA02482001D8A0B /* Build configuration list for PBXProject "ReTeX" */ = {
			isa = XCConfigurationList;
			buildConfigurations = (
				BB84DD391CA02482001D8A0B /* Debug */,
				BB84DD3A1CA02482001D8A0B /* Release */,
			);
			defaultConfigurationIsVisible = 0;
			defaultConfigurationName = Release;
		};
		BB84DD3B1CA02482001D8A0B /* Build configuration list for PBXNativeTarget "ReTeX" */ = {
			isa = XCConfigurationList;
			buildConfigurations = (
				BB84DD3C1CA02482001D8A0B /* Debug */,
				BB84DD3D1CA02482001D8A0B /* Release */,
			);
			defaultConfigurationIsVisible = 0;
			defaultConfigurationName = Release;
		};
		BBD1D6D81CA140990084AA03 /* Build configuration list for PBXNativeTarget "ReTeXResources" */ = {
			isa = XCConfigurationList;
			buildConfigurations = (
				BBD1D6D61CA140990084AA03 /* Debug */,
				BBD1D6D71CA140990084AA03 /* Release */,
			);
			defaultConfigurationIsVisible = 0;
			defaultConfigurationName = Release;
		};
		BBD1D6F91CA163A60084AA03 /* Build configuration list for PBXAggregateTarget "UniversalLib" */ = {
			isa = XCConfigurationList;
			buildConfigurations = (
				BBD1D6F71CA163A50084AA03 /* Debug */,
				BBD1D6F81CA163A50084AA03 /* Release */,
			);
			defaultConfigurationIsVisible = 0;
		};
/* End XCConfigurationList section */
	};
	rootObject = BB84DD2A1CA02482001D8A0B /* Project object */;
}
